// !$*UTF8*$!
{
	archiveVersion = 1;
	classes = {
	};
	objectVersion = 56;
	objects = {

/* Begin PBXBuildFile section */
		5C7309512ADE69C100EDB271 /* ShimmerEffectApp.swift in Sources */ = {isa = PBXBuildFile; fileRef = 5C7309502ADE69C100EDB271 /* ShimmerEffectApp.swift */; };
		5C7309532ADE69C100EDB271 /* ContentView.swift in Sources */ = {isa = PBXBuildFile; fileRef = 5C7309522ADE69C100EDB271 /* ContentView.swift */; };
		5C7309552ADE69C600EDB271 /* Assets.xcassets in Resources */ = {isa = PBXBuildFile; fileRef = 5C7309542ADE69C600EDB271 /* Assets.xcassets */; };
		5C7309592ADE69C600EDB271 /* Preview Assets.xcassets in Resources */ = {isa = PBXBuildFile; fileRef = 5C7309582ADE69C600EDB271 /* Preview Assets.xcassets */; };
		5C7309632ADE69C700EDB271 /* ShimmerEffectTests.swift in Sources */ = {isa = PBXBuildFile; fileRef = 5C7309622ADE69C700EDB271 /* ShimmerEffectTests.swift */; };
		5C73096D2ADE69C700EDB271 /* ShimmerEffectUITests.swift in Sources */ = {isa = PBXBuildFile; fileRef = 5C73096C2ADE69C700EDB271 /* ShimmerEffectUITests.swift */; };
		5C73096F2ADE69C700EDB271 /* ShimmerEffectUITestsLaunchTests.swift in Sources */ = {isa = PBXBuildFile; fileRef = 5C73096E2ADE69C700EDB271 /* ShimmerEffectUITestsLaunchTests.swift */; };
		5C73097D2ADE6A1D00EDB271 /* ShimmerEffect.swift in Sources */ = {isa = PBXBuildFile; fileRef = 5C73097C2ADE6A1D00EDB271 /* ShimmerEffect.swift */; };
/* End PBXBuildFile section */

/* Begin PBXContainerItemProxy section */
		5C73095F2ADE69C700EDB271 /* PBXContainerItemProxy */ = {
			isa = PBXContainerItemProxy;
			containerPortal = 5C7309452ADE69C100EDB271 /* Project object */;
			proxyType = 1;
			remoteGlobalIDString = 5C73094C2ADE69C100EDB271;
			remoteInfo = ShimmerEffect;
		};
		5C7309692ADE69C700EDB271 /* PBXContainerItemProxy */ = {
			isa = PBXContainerItemProxy;
			containerPortal = 5C7309452ADE69C100EDB271 /* Project object */;
			proxyType = 1;
			remoteGlobalIDString = 5C73094C2ADE69C100EDB271;
			remoteInfo = ShimmerEffect;
		};
/* End PBXContainerItemProxy section */

/* Begin PBXFileReference section */
		5C73094D2ADE69C100EDB271 /* ShimmerEffect.app */ = {isa = PBXFileReference; explicitFileType = wrapper.application; includeInIndex = 0; path = ShimmerEffect.app; sourceTree = BUILT_PRODUCTS_DIR; };
		5C7309502ADE69C100EDB271 /* ShimmerEffectApp.swift */ = {isa = PBXFileReference; lastKnownFileType = sourcecode.swift; path = ShimmerEffectApp.swift; sourceTree = "<group>"; };
		5C7309522ADE69C100EDB271 /* ContentView.swift */ = {isa = PBXFileReference; lastKnownFileType = sourcecode.swift; path = ContentView.swift; sourceTree = "<group>"; };
		5C7309542ADE69C600EDB271 /* Assets.xcassets */ = {isa = PBXFileReference; lastKnownFileType = folder.assetcatalog; path = Assets.xcassets; sourceTree = "<group>"; };
		5C7309562ADE69C600EDB271 /* ShimmerEffect.entitlements */ = {isa = PBXFileReference; lastKnownFileType = text.plist.entitlements; path = ShimmerEffect.entitlements; sourceTree = "<group>"; };
		5C7309582ADE69C600EDB271 /* Preview Assets.xcassets */ = {isa = PBXFileReference; lastKnownFileType = folder.assetcatalog; path = "Preview Assets.xcassets"; sourceTree = "<group>"; };
		5C73095E2ADE69C700EDB271 /* ShimmerEffectTests.xctest */ = {isa = PBXFileReference; explicitFileType = wrapper.cfbundle; includeInIndex = 0; path = ShimmerEffectTests.xctest; sourceTree = BUILT_PRODUCTS_DIR; };
		5C7309622ADE69C700EDB271 /* ShimmerEffectTests.swift */ = {isa = PBXFileReference; lastKnownFileType = sourcecode.swift; path = ShimmerEffectTests.swift; sourceTree = "<group>"; };
		5C7309682ADE69C700EDB271 /* ShimmerEffectUITests.xctest */ = {isa = PBXFileReference; explicitFileType = wrapper.cfbundle; includeInIndex = 0; path = ShimmerEffectUITests.xctest; sourceTree = BUILT_PRODUCTS_DIR; };
		5C73096C2ADE69C700EDB271 /* ShimmerEffectUITests.swift */ = {isa = PBXFileReference; lastKnownFileType = sourcecode.swift; path = ShimmerEffectUITests.swift; sourceTree = "<group>"; };
		5C73096E2ADE69C700EDB271 /* ShimmerEffectUITestsLaunchTests.swift */ = {isa = PBXFileReference; lastKnownFileType = sourcecode.swift; path = ShimmerEffectUITestsLaunchTests.swift; sourceTree = "<group>"; };
		5C73097C2ADE6A1D00EDB271 /* ShimmerEffect.swift */ = {isa = PBXFileReference; lastKnownFileType = sourcecode.swift; path = ShimmerEffect.swift; sourceTree = "<group>"; };
/* End PBXFileReference section */

/* Begin PBXFrameworksBuildPhase section */
		5C73094A2ADE69C100EDB271 /* Frameworks */ = {
			isa = PBXFrameworksBuildPhase;
			buildActionMask = 2147483647;
			files = (
			);
			runOnlyForDeploymentPostprocessing = 0;
		};
		5C73095B2ADE69C700EDB271 /* Frameworks */ = {
			isa = PBXFrameworksBuildPhase;
			buildActionMask = 2147483647;
			files = (
			);
			runOnlyForDeploymentPostprocessing = 0;
		};
		5C7309652ADE69C700EDB271 /* Frameworks */ = {
			isa = PBXFrameworksBuildPhase;
			buildActionMask = 2147483647;
			files = (
			);
			runOnlyForDeploymentPostprocessing = 0;
		};
/* End PBXFrameworksBuildPhase section */

/* Begin PBXGroup section */
		5C7309442ADE69C100EDB271 = {
			isa = PBXGroup;
			children = (
				5C73094F2ADE69C100EDB271 /* ShimmerEffect */,
				5C7309612ADE69C700EDB271 /* ShimmerEffectTests */,
				5C73096B2ADE69C700EDB271 /* ShimmerEffectUITests */,
				5C73094E2ADE69C100EDB271 /* Products */,
			);
			sourceTree = "<group>";
		};
		5C73094E2ADE69C100EDB271 /* Products */ = {
			isa = PBXGroup;
			children = (
				5C73094D2ADE69C100EDB271 /* ShimmerEffect.app */,
				5C73095E2ADE69C700EDB271 /* ShimmerEffectTests.xctest */,
				5C7309682ADE69C700EDB271 /* ShimmerEffectUITests.xctest */,
			);
			name = Products;
			sourceTree = "<group>";
		};
		5C73094F2ADE69C100EDB271 /* ShimmerEffect */ = {
			isa = PBXGroup;
			children = (
				5C73097B2ADE6A0700EDB271 /* Helpers */,
				5C7309502ADE69C100EDB271 /* ShimmerEffectApp.swift */,
				5C7309522ADE69C100EDB271 /* ContentView.swift */,
				5C7309542ADE69C600EDB271 /* Assets.xcassets */,
				5C7309562ADE69C600EDB271 /* ShimmerEffect.entitlements */,
				5C7309572ADE69C600EDB271 /* Preview Content */,
			);
			path = ShimmerEffect;
			sourceTree = "<group>";
		};
		5C7309572ADE69C600EDB271 /* Preview Content */ = {
			isa = PBXGroup;
			children = (
				5C7309582ADE69C600EDB271 /* Preview Assets.xcassets */,
			);
			path = "Preview Content";
			sourceTree = "<group>";
		};
		5C7309612ADE69C700EDB271 /* ShimmerEffectTests */ = {
			isa = PBXGroup;
			children = (
				5C7309622ADE69C700EDB271 /* ShimmerEffectTests.swift */,
			);
			path = ShimmerEffectTests;
			sourceTree = "<group>";
		};
		5C73096B2ADE69C700EDB271 /* ShimmerEffectUITests */ = {
			isa = PBXGroup;
			children = (
				5C73096C2ADE69C700EDB271 /* ShimmerEffectUITests.swift */,
				5C73096E2ADE69C700EDB271 /* ShimmerEffectUITestsLaunchTests.swift */,
			);
			path = ShimmerEffectUITests;
			sourceTree = "<group>";
		};
		5C73097B2ADE6A0700EDB271 /* Helpers */ = {
			isa = PBXGroup;
			children = (
				5C73097C2ADE6A1D00EDB271 /* ShimmerEffect.swift */,
			);
			path = Helpers;
			sourceTree = "<group>";
		};
/* End PBXGroup section */

/* Begin PBXNativeTarget section */
		5C73094C2ADE69C100EDB271 /* ShimmerEffect */ = {
			isa = PBXNativeTarget;
			buildConfigurationList = 5C7309722ADE69C700EDB271 /* Build configuration list for PBXNativeTarget "ShimmerEffect" */;
			buildPhases = (
				5C7309492ADE69C100EDB271 /* Sources */,
				5C73094A2ADE69C100EDB271 /* Frameworks */,
				5C73094B2ADE69C100EDB271 /* Resources */,
			);
			buildRules = (
			);
			dependencies = (
			);
			name = ShimmerEffect;
			productName = ShimmerEffect;
			productReference = 5C73094D2ADE69C100EDB271 /* ShimmerEffect.app */;
			productType = "com.apple.product-type.application";
		};
		5C73095D2ADE69C700EDB271 /* ShimmerEffectTests */ = {
			isa = PBXNativeTarget;
			buildConfigurationList = 5C7309752ADE69C700EDB271 /* Build configuration list for PBXNativeTarget "ShimmerEffectTests" */;
			buildPhases = (
				5C73095A2ADE69C700EDB271 /* Sources */,
				5C73095B2ADE69C700EDB271 /* Frameworks */,
				5C73095C2ADE69C700EDB271 /* Resources */,
			);
			buildRules = (
			);
			dependencies = (
				5C7309602ADE69C700EDB271 /* PBXTargetDependency */,
			);
			name = ShimmerEffectTests;
			productName = ShimmerEffectTests;
			productReference = 5C73095E2ADE69C700EDB271 /* ShimmerEffectTests.xctest */;
			productType = "com.apple.product-type.bundle.unit-test";
		};
		5C7309672ADE69C700EDB271 /* ShimmerEffectUITests */ = {
			isa = PBXNativeTarget;
			buildConfigurationList = 5C7309782ADE69C700EDB271 /* Build configuration list for PBXNativeTarget "ShimmerEffectUITests" */;
			buildPhases = (
				5C7309642ADE69C700EDB271 /* Sources */,
				5C7309652ADE69C700EDB271 /* Frameworks */,
				5C7309662ADE69C700EDB271 /* Resources */,
			);
			buildRules = (
			);
			dependencies = (
				5C73096A2ADE69C700EDB271 /* PBXTargetDependency */,
			);
			name = ShimmerEffectUITests;
			productName = ShimmerEffectUITests;
			productReference = 5C7309682ADE69C700EDB271 /* ShimmerEffectUITests.xctest */;
			productType = "com.apple.product-type.bundle.ui-testing";
		};
/* End PBXNativeTarget section */

/* Begin PBXProject section */
		5C7309452ADE69C100EDB271 /* Project object */ = {
			isa = PBXProject;
			attributes = {
				BuildIndependentTargetsInParallel = 1;
				LastSwiftUpdateCheck = 1500;
				LastUpgradeCheck = 1500;
				TargetAttributes = {
					5C73094C2ADE69C100EDB271 = {
						CreatedOnToolsVersion = 15.0;
					};
					5C73095D2ADE69C700EDB271 = {
						CreatedOnToolsVersion = 15.0;
						TestTargetID = 5C73094C2ADE69C100EDB271;
					};
					5C7309672ADE69C700EDB271 = {
						CreatedOnToolsVersion = 15.0;
						TestTargetID = 5C73094C2ADE69C100EDB271;
					};
				};
			};
			buildConfigurationList = 5C7309482ADE69C100EDB271 /* Build configuration list for PBXProject "ShimmerEffect" */;
			compatibilityVersion = "Xcode 14.0";
			developmentRegion = en;
			hasScannedForEncodings = 0;
			knownRegions = (
				en,
				Base,
			);
			mainGroup = 5C7309442ADE69C100EDB271;
			productRefGroup = 5C73094E2ADE69C100EDB271 /* Products */;
			projectDirPath = "";
			projectRoot = "";
			targets = (
				5C73094C2ADE69C100EDB271 /* ShimmerEffect */,
				5C73095D2ADE69C700EDB271 /* ShimmerEffectTests */,
				5C7309672ADE69C700EDB271 /* ShimmerEffectUITests */,
			);
		};
/* End PBXProject section */

/* Begin PBXResourcesBuildPhase section */
		5C73094B2ADE69C100EDB271 /* Resources */ = {
			isa = PBXResourcesBuildPhase;
			buildActionMask = 2147483647;
			files = (
				5C7309592ADE69C600EDB271 /* Preview Assets.xcassets in Resources */,
				5C7309552ADE69C600EDB271 /* Assets.xcassets in Resources */,
			);
			runOnlyForDeploymentPostprocessing = 0;
		};
		5C73095C2ADE69C700EDB271 /* Resources */ = {
			isa = PBXResourcesBuildPhase;
			buildActionMask = 2147483647;
			files = (
			);
			runOnlyForDeploymentPostprocessing = 0;
		};
		5C7309662ADE69C700EDB271 /* Resources */ = {
			isa = PBXResourcesBuildPhase;
			buildActionMask = 2147483647;
			files = (
			);
			runOnlyForDeploymentPostprocessing = 0;
		};
/* End PBXResourcesBuildPhase section */

/* Begin PBXSourcesBuildPhase section */
		5C7309492ADE69C100EDB271 /* Sources */ = {
			isa = PBXSourcesBuildPhase;
			buildActionMask = 2147483647;
			files = (
				5C7309532ADE69C100EDB271 /* ContentView.swift in Sources */,
				5C73097D2ADE6A1D00EDB271 /* ShimmerEffect.swift in Sources */,
				5C7309512ADE69C100EDB271 /* ShimmerEffectApp.swift in Sources */,
			);
			runOnlyForDeploymentPostprocessing = 0;
		};
		5C73095A2ADE69C700EDB271 /* Sources */ = {
			isa = PBXSourcesBuildPhase;
			buildActionMask = 2147483647;
			files = (
				5C7309632ADE69C700EDB271 /* ShimmerEffectTests.swift in Sources */,
			);
			runOnlyForDeploymentPostprocessing = 0;
		};
		5C7309642ADE69C700EDB271 /* Sources */ = {
			isa = PBXSourcesBuildPhase;
			buildActionMask = 2147483647;
			files = (
				5C73096D2ADE69C700EDB271 /* ShimmerEffectUITests.swift in Sources */,
				5C73096F2ADE69C700EDB271 /* ShimmerEffectUITestsLaunchTests.swift in Sources */,
			);
			runOnlyForDeploymentPostprocessing = 0;
		};
/* End PBXSourcesBuildPhase section */

/* Begin PBXTargetDependency section */
		5C7309602ADE69C700EDB271 /* PBXTargetDependency */ = {
			isa = PBXTargetDependency;
			target = 5C73094C2ADE69C100EDB271 /* ShimmerEffect */;
			targetProxy = 5C73095F2ADE69C700EDB271 /* PBXContainerItemProxy */;
		};
		5C73096A2ADE69C700EDB271 /* PBXTargetDependency */ = {
			isa = PBXTargetDependency;
			target = 5C73094C2ADE69C100EDB271 /* ShimmerEffect */;
			targetProxy = 5C7309692ADE69C700EDB271 /* PBXContainerItemProxy */;
		};
/* End PBXTargetDependency section */

/* Begin XCBuildConfiguration section */
		5C7309702ADE69C700EDB271 /* Debug */ = {
			isa = XCBuildConfiguration;
			buildSettings = {
				ALWAYS_SEARCH_USER_PATHS = NO;
				ASSETCATALOG_COMPILER_GENERATE_SWIFT_ASSET_SYMBOL_EXTENSIONS = YES;
				CLANG_ANALYZER_NONNULL = YES;
				CLANG_ANALYZER_NUMBER_OBJECT_CONVERSION = YES_AGGRESSIVE;
				CLANG_CXX_LANGUAGE_STANDARD = "gnu++20";
				CLANG_ENABLE_MODULES = YES;
				CLANG_ENABLE_OBJC_ARC = YES;
				CLANG_ENABLE_OBJC_WEAK = YES;
				CLANG_WARN_BLOCK_CAPTURE_AUTORELEASING = YES;
				CLANG_WARN_BOOL_CONVERSION = YES;
				CLANG_WARN_COMMA = YES;
				CLANG_WARN_CONSTANT_CONVERSION = YES;
				CLANG_WARN_DEPRECATED_OBJC_IMPLEMENTATIONS = YES;
				CLANG_WARN_DIRECT_OBJC_ISA_USAGE = YES_ERROR;
				CLANG_WARN_DOCUMENTATION_COMMENTS = YES;
				CLANG_WARN_EMPTY_BODY = YES;
				CLANG_WARN_ENUM_CONVERSION = YES;
				CLANG_WARN_INFINITE_RECURSION = YES;
				CLANG_WARN_INT_CONVERSION = YES;
				CLANG_WARN_NON_LITERAL_NULL_CONVERSION = YES;
				CLANG_WARN_OBJC_IMPLICIT_RETAIN_SELF = YES;
				CLANG_WARN_OBJC_LITERAL_CONVERSION = YES;
				CLANG_WARN_OBJC_ROOT_CLASS = YES_ERROR;
				CLANG_WARN_QUOTED_INCLUDE_IN_FRAMEWORK_HEADER = YES;
				CLANG_WARN_RANGE_LOOP_ANALYSIS = YES;
				CLANG_WARN_STRICT_PROTOTYPES = YES;
				CLANG_WARN_SUSPICIOUS_MOVE = YES;
				CLANG_WARN_UNGUARDED_AVAILABILITY = YES_AGGRESSIVE;
				CLANG_WARN_UNREACHABLE_CODE = YES;
				CLANG_WARN__DUPLICATE_METHOD_MATCH = YES;
				COPY_PHASE_STRIP = NO;
				DEBUG_INFORMATION_FORMAT = dwarf;
				ENABLE_STRICT_OBJC_MSGSEND = YES;
				ENABLE_TESTABILITY = YES;
				ENABLE_USER_SCRIPT_SANDBOXING = YES;
				GCC_C_LANGUAGE_STANDARD = gnu17;
				GCC_DYNAMIC_NO_PIC = NO;
				GCC_NO_COMMON_BLOCKS = YES;
				GCC_OPTIMIZATION_LEVEL = 0;
				GCC_PREPROCESSOR_DEFINITIONS = (
					"DEBUG=1",
					"$(inherited)",
				);
				GCC_WARN_64_TO_32_BIT_CONVERSION = YES;
				GCC_WARN_ABOUT_RETURN_TYPE = YES_ERROR;
				GCC_WARN_UNDECLARED_SELECTOR = YES;
				GCC_WARN_UNINITIALIZED_AUTOS = YES_AGGRESSIVE;
				GCC_WARN_UNUSED_FUNCTION = YES;
				GCC_WARN_UNUSED_VARIABLE = YES;
				LOCALIZATION_PREFERS_STRING_CATALOGS = YES;
				MTL_ENABLE_DEBUG_INFO = INCLUDE_SOURCE;
				MTL_FAST_MATH = YES;
				ONLY_ACTIVE_ARCH = YES;
				SWIFT_ACTIVE_COMPILATION_CONDITIONS = "DEBUG $(inherited)";
				SWIFT_OPTIMIZATION_LEVEL = "-Onone";
			};
			name = Debug;
		};
		5C7309712ADE69C700EDB271 /* Release */ = {
			isa = XCBuildConfiguration;
			buildSettings = {
				ALWAYS_SEARCH_USER_PATHS = NO;
				ASSETCATALOG_COMPILER_GENERATE_SWIFT_ASSET_SYMBOL_EXTENSIONS = YES;
				CLANG_ANALYZER_NONNULL = YES;
				CLANG_ANALYZER_NUMBER_OBJECT_CONVERSION = YES_AGGRESSIVE;
				CLANG_CXX_LANGUAGE_STANDARD = "gnu++20";
				CLANG_ENABLE_MODULES = YES;
				CLANG_ENABLE_OBJC_ARC = YES;
				CLANG_ENABLE_OBJC_WEAK = YES;
				CLANG_WARN_BLOCK_CAPTURE_AUTORELEASING = YES;
				CLANG_WARN_BOOL_CONVERSION = YES;
				CLANG_WARN_COMMA = YES;
				CLANG_WARN_CONSTANT_CONVERSION = YES;
				CLANG_WARN_DEPRECATED_OBJC_IMPLEMENTATIONS = YES;
				CLANG_WARN_DIRECT_OBJC_ISA_USAGE = YES_ERROR;
				CLANG_WARN_DOCUMENTATION_COMMENTS = YES;
				CLANG_WARN_EMPTY_BODY = YES;
				CLANG_WARN_ENUM_CONVERSION = YES;
				CLANG_WARN_INFINITE_RECURSION = YES;
				CLANG_WARN_INT_CONVERSION = YES;
				CLANG_WARN_NON_LITERAL_NULL_CONVERSION = YES;
				CLANG_WARN_OBJC_IMPLICIT_RETAIN_SELF = YES;
				CLANG_WARN_OBJC_LITERAL_CONVERSION = YES;
				CLANG_WARN_OBJC_ROOT_CLASS = YES_ERROR;
				CLANG_WARN_QUOTED_INCLUDE_IN_FRAMEWORK_HEADER = YES;
				CLANG_WARN_RANGE_LOOP_ANALYSIS = YES;
				CLANG_WARN_STRICT_PROTOTYPES = YES;
				CLANG_WARN_SUSPICIOUS_MOVE = YES;
				CLANG_WARN_UNGUARDED_AVAILABILITY = YES_AGGRESSIVE;
				CLANG_WARN_UNREACHABLE_CODE = YES;
				CLANG_WARN__DUPLICATE_METHOD_MATCH = YES;
				COPY_PHASE_STRIP = NO;
				DEBUG_INFORMATION_FORMAT = "dwarf-with-dsym";
				ENABLE_NS_ASSERTIONS = NO;
				ENABLE_STRICT_OBJC_MSGSEND = YES;
				ENABLE_USER_SCRIPT_SANDBOXING = YES;
				GCC_C_LANGUAGE_STANDARD = gnu17;
				GCC_NO_COMMON_BLOCKS = YES;
				GCC_WARN_64_TO_32_BIT_CONVERSION = YES;
				GCC_WARN_ABOUT_RETURN_TYPE = YES_ERROR;
				GCC_WARN_UNDECLARED_SELECTOR = YES;
				GCC_WARN_UNINITIALIZED_AUTOS = YES_AGGRESSIVE;
				GCC_WARN_UNUSED_FUNCTION = YES;
				GCC_WARN_UNUSED_VARIABLE = YES;
				LOCALIZATION_PREFERS_STRING_CATALOGS = YES;
				MTL_ENABLE_DEBUG_INFO = NO;
				MTL_FAST_MATH = YES;
				SWIFT_COMPILATION_MODE = wholemodule;
			};
			name = Release;
		};
		5C7309732ADE69C700EDB271 /* Debug */ = {
			isa = XCBuildConfiguration;
			buildSettings = {
				ASSETCATALOG_COMPILER_APPICON_NAME = AppIcon;
				ASSETCATALOG_COMPILER_GLOBAL_ACCENT_COLOR_NAME = AccentColor;
				CODE_SIGN_ENTITLEMENTS = ShimmerEffect/ShimmerEffect.entitlements;
				CODE_SIGN_STYLE = Automatic;
				CURRENT_PROJECT_VERSION = 1;
				DEVELOPMENT_ASSET_PATHS = "\"ShimmerEffect/Preview Content\"";
				DEVELOPMENT_TEAM = 8BYSS77GBA;
				ENABLE_HARDENED_RUNTIME = YES;
				ENABLE_PREVIEWS = YES;
				GENERATE_INFOPLIST_FILE = YES;
				"INFOPLIST_KEY_UIApplicationSceneManifest_Generation[sdk=iphoneos*]" = YES;
				"INFOPLIST_KEY_UIApplicationSceneManifest_Generation[sdk=iphonesimulator*]" = YES;
				"INFOPLIST_KEY_UIApplicationSupportsIndirectInputEvents[sdk=iphoneos*]" = YES;
				"INFOPLIST_KEY_UIApplicationSupportsIndirectInputEvents[sdk=iphonesimulator*]" = YES;
				"INFOPLIST_KEY_UILaunchScreen_Generation[sdk=iphoneos*]" = YES;
				"INFOPLIST_KEY_UILaunchScreen_Generation[sdk=iphonesimulator*]" = YES;
				"INFOPLIST_KEY_UIStatusBarStyle[sdk=iphoneos*]" = UIStatusBarStyleDefault;
				"INFOPLIST_KEY_UIStatusBarStyle[sdk=iphonesimulator*]" = UIStatusBarStyleDefault;
				INFOPLIST_KEY_UISupportedInterfaceOrientations_iPad = "UIInterfaceOrientationPortrait UIInterfaceOrientationPortraitUpsideDown UIInterfaceOrientationLandscapeLeft UIInterfaceOrientationLandscapeRight";
				INFOPLIST_KEY_UISupportedInterfaceOrientations_iPhone = "UIInterfaceOrientationPortrait UIInterfaceOrientationLandscapeLeft UIInterfaceOrientationLandscapeRight";
				IPHONEOS_DEPLOYMENT_TARGET = 17.0;
				LD_RUNPATH_SEARCH_PATHS = "@executable_path/Frameworks";
				"LD_RUNPATH_SEARCH_PATHS[sdk=macosx*]" = "@executable_path/../Frameworks";
				MACOSX_DEPLOYMENT_TARGET = 13.5;
				MARKETING_VERSION = 1.0;
				PRODUCT_BUNDLE_IDENTIFIER = com.lakshaya.ShimmerEffect;
				PRODUCT_NAME = "$(TARGET_NAME)";
				SDKROOT = auto;
				SUPPORTED_PLATFORMS = "iphoneos iphonesimulator macosx";
				SWIFT_EMIT_LOC_STRINGS = YES;
				SWIFT_VERSION = 5.0;
				TARGETED_DEVICE_FAMILY = "1,2";
			};
			name = Debug;
		};
		5C7309742ADE69C700EDB271 /* Release */ = {
			isa = XCBuildConfiguration;
			buildSettings = {
				ASSETCATALOG_COMPILER_APPICON_NAME = AppIcon;
				ASSETCATALOG_COMPILER_GLOBAL_ACCENT_COLOR_NAME = AccentColor;
				CODE_SIGN_ENTITLEMENTS = ShimmerEffect/ShimmerEffect.entitlements;
				CODE_SIGN_STYLE = Automatic;
				CURRENT_PROJECT_VERSION = 1;
				DEVELOPMENT_ASSET_PATHS = "\"ShimmerEffect/Preview Content\"";
				DEVELOPMENT_TEAM = 8BYSS77GBA;
				ENABLE_HARDENED_RUNTIME = YES;
				ENABLE_PREVIEWS = YES;
				GENERATE_INFOPLIST_FILE = YES;
				"INFOPLIST_KEY_UIApplicationSceneManifest_Generation[sdk=iphoneos*]" = YES;
				"INFOPLIST_KEY_UIApplicationSceneManifest_Generation[sdk=iphonesimulator*]" = YES;
				"INFOPLIST_KEY_UIApplicationSupportsIndirectInputEvents[sdk=iphoneos*]" = YES;
				"INFOPLIST_KEY_UIApplicationSupportsIndirectInputEvents[sdk=iphonesimulator*]" = YES;
				"INFOPLIST_KEY_UILaunchScreen_Generation[sdk=iphoneos*]" = YES;
				"INFOPLIST_KEY_UILaunchScreen_Generation[sdk=iphonesimulator*]" = YES;
				"INFOPLIST_KEY_UIStatusBarStyle[sdk=iphoneos*]" = UIStatusBarStyleDefault;
				"INFOPLIST_KEY_UIStatusBarStyle[sdk=iphonesimulator*]" = UIStatusBarStyleDefault;
				INFOPLIST_KEY_UISupportedInterfaceOrientations_iPad = "UIInterfaceOrientationPortrait UIInterfaceOrientationPortraitUpsideDown UIInterfaceOrientationLandscapeLeft UIInterfaceOrientationLandscapeRight";
				INFOPLIST_KEY_UISupportedInterfaceOrientations_iPhone = "UIInterfaceOrientationPortrait UIInterfaceOrientationLandscapeLeft UIInterfaceOrientationLandscapeRight";
				IPHONEOS_DEPLOYMENT_TARGET = 17.0;
				LD_RUNPATH_SEARCH_PATHS = "@executable_path/Frameworks";
				"LD_RUNPATH_SEARCH_PATHS[sdk=macosx*]" = "@executable_path/../Frameworks";
				MACOSX_DEPLOYMENT_TARGET = 13.5;
				MARKETING_VERSION = 1.0;
				PRODUCT_BUNDLE_IDENTIFIER = com.lakshaya.ShimmerEffect;
				PRODUCT_NAME = "$(TARGET_NAME)";
				SDKROOT = auto;
				SUPPORTED_PLATFORMS = "iphoneos iphonesimulator macosx";
				SWIFT_EMIT_LOC_STRINGS = YES;
				SWIFT_VERSION = 5.0;
				TARGETED_DEVICE_FAMILY = "1,2";
			};
			name = Release;
		};
		5C7309762ADE69C700EDB271 /* Debug */ = {
			isa = XCBuildConfiguration;
			buildSettings = {
				ALWAYS_EMBED_SWIFT_STANDARD_LIBRARIES = YES;
				BUNDLE_LOADER = "$(TEST_HOST)";
				CODE_SIGN_STYLE = Automatic;
				CURRENT_PROJECT_VERSION = 1;
				DEVELOPMENT_TEAM = 8BYSS77GBA;
				GENERATE_INFOPLIST_FILE = YES;
				IPHONEOS_DEPLOYMENT_TARGET = 17.0;
				MACOSX_DEPLOYMENT_TARGET = 13.5;
				MARKETING_VERSION = 1.0;
				PRODUCT_BUNDLE_IDENTIFIER = com.lakshaya.ShimmerEffectTests;
				PRODUCT_NAME = "$(TARGET_NAME)";
				SDKROOT = auto;
				SUPPORTED_PLATFORMS = "iphoneos iphonesimulator macosx";
				SWIFT_EMIT_LOC_STRINGS = NO;
				SWIFT_VERSION = 5.0;
				TARGETED_DEVICE_FAMILY = "1,2";
				TEST_HOST = "$(BUILT_PRODUCTS_DIR)/ShimmerEffect.app/$(BUNDLE_EXECUTABLE_FOLDER_PATH)/ShimmerEffect";
			};
			name = Debug;
		};
		5C7309772ADE69C700EDB271 /* Release */ = {
			isa = XCBuildConfiguration;
			buildSettings = {
				ALWAYS_EMBED_SWIFT_STANDARD_LIBRARIES = YES;
				BUNDLE_LOADER = "$(TEST_HOST)";
				CODE_SIGN_STYLE = Automatic;
				CURRENT_PROJECT_VERSION = 1;
				DEVELOPMENT_TEAM = 8BYSS77GBA;
				GENERATE_INFOPLIST_FILE = YES;
				IPHONEOS_DEPLOYMENT_TARGET = 17.0;
				MACOSX_DEPLOYMENT_TARGET = 13.5;
				MARKETING_VERSION = 1.0;
				PRODUCT_BUNDLE_IDENTIFIER = com.lakshaya.ShimmerEffectTests;
				PRODUCT_NAME = "$(TARGET_NAME)";
				SDKROOT = auto;
				SUPPORTED_PLATFORMS = "iphoneos iphonesimulator macosx";
				SWIFT_EMIT_LOC_STRINGS = NO;
				SWIFT_VERSION = 5.0;
				TARGETED_DEVICE_FAMILY = "1,2";
				TEST_HOST = "$(BUILT_PRODUCTS_DIR)/ShimmerEffect.app/$(BUNDLE_EXECUTABLE_FOLDER_PATH)/ShimmerEffect";
			};
			name = Release;
		};
		5C7309792ADE69C700EDB271 /* Debug */ = {
			isa = XCBuildConfiguration;
			buildSettings = {
				ALWAYS_EMBED_SWIFT_STANDARD_LIBRARIES = YES;
				CODE_SIGN_STYLE = Automatic;
				CURRENT_PROJECT_VERSION = 1;
				DEVELOPMENT_TEAM = 8BYSS77GBA;
				GENERATE_INFOPLIST_FILE = YES;
				IPHONEOS_DEPLOYMENT_TARGET = 17.0;
				MACOSX_DEPLOYMENT_TARGET = 13.5;
				MARKETING_VERSION = 1.0;
				PRODUCT_BUNDLE_IDENTIFIER = com.lakshaya.ShimmerEffectUITests;
				PRODUCT_NAME = "$(TARGET_NAME)";
				SDKROOT = auto;
				SUPPORTED_PLATFORMS = "iphoneos iphonesimulator macosx";
				SWIFT_EMIT_LOC_STRINGS = NO;
				SWIFT_VERSION = 5.0;
				TARGETED_DEVICE_FAMILY = "1,2";
				TEST_TARGET_NAME = ShimmerEffect;
			};
			name = Debug;
		};
		5C73097A2ADE69C700EDB271 /* Release */ = {
			isa = XCBuildConfiguration;
			buildSettings = {
				ALWAYS_EMBED_SWIFT_STANDARD_LIBRARIES = YES;
				CODE_SIGN_STYLE = Automatic;
				CURRENT_PROJECT_VERSION = 1;
				DEVELOPMENT_TEAM = 8BYSS77GBA;
				GENERATE_INFOPLIST_FILE = YES;
				IPHONEOS_DEPLOYMENT_TARGET = 17.0;
				MACOSX_DEPLOYMENT_TARGET = 13.5;
				MARKETING_VERSION = 1.0;
				PRODUCT_BUNDLE_IDENTIFIER = com.lakshaya.ShimmerEffectUITests;
				PRODUCT_NAME = "$(TARGET_NAME)";
				SDKROOT = auto;
				SUPPORTED_PLATFORMS = "iphoneos iphonesimulator macosx";
				SWIFT_EMIT_LOC_STRINGS = NO;
				SWIFT_VERSION = 5.0;
				TARGETED_DEVICE_FAMILY = "1,2";
				TEST_TARGET_NAME = ShimmerEffect;
			};
			name = Release;
		};
/* End XCBuildConfiguration section */

/* Begin XCConfigurationList section */
		5C7309482ADE69C100EDB271 /* Build configuration list for PBXProject "ShimmerEffect" */ = {
			isa = XCConfigurationList;
			buildConfigurations = (
				5C7309702ADE69C700EDB271 /* Debug */,
				5C7309712ADE69C700EDB271 /* Release */,
			);
			defaultConfigurationIsVisible = 0;
			defaultConfigurationName = Release;
		};
		5C7309722ADE69C700EDB271 /* Build configuration list for PBXNativeTarget "ShimmerEffect" */ = {
			isa = XCConfigurationList;
			buildConfigurations = (
				5C7309732ADE69C700EDB271 /* Debug */,
				5C7309742ADE69C700EDB271 /* Release */,
			);
			defaultConfigurationIsVisible = 0;
			defaultConfigurationName = Release;
		};
		5C7309752ADE69C700EDB271 /* Build configuration list for PBXNativeTarget "ShimmerEffectTests" */ = {
			isa = XCConfigurationList;
			buildConfigurations = (
				5C7309762ADE69C700EDB271 /* Debug */,
				5C7309772ADE69C700EDB271 /* Release */,
			);
			defaultConfigurationIsVisible = 0;
			defaultConfigurationName = Release;
		};
		5C7309782ADE69C700EDB271 /* Build configuration list for PBXNativeTarget "ShimmerEffectUITests" */ = {
			isa = XCConfigurationList;
			buildConfigurations = (
				5C7309792ADE69C700EDB271 /* Debug */,
				5C73097A2ADE69C700EDB271 /* Release */,
			);
			defaultConfigurationIsVisible = 0;
			defaultConfigurationName = Release;
		};
/* End XCConfigurationList section */
	};
	rootObject = 5C7309452ADE69C100EDB271 /* Project object */;
}
